
Microsoft Visual Studio Solution File, Format Version 12.00
# Visual Studio 15
VisualStudioVersion = 15.0.27130.0
MinimumVisualStudioVersion = 10.0.40219.1
Project("{FAE04EC0-301F-11D3-BF4B-00C04F79EFBC}") = "CloudPlus.Api", "CloudPlus.Api\CloudPlus.Api.csproj", "{636DDF45-1E81-41C8-9B74-9EF4D1426CC9}"
	ProjectSection(ProjectDependencies) = postProject
		{7ACBC7BB-23FE-476A-BD3B-9AC40D732599} = {7ACBC7BB-23FE-476A-BD3B-9AC40D732599}
	EndProjectSection
EndProject
Project("{FAE04EC0-301F-11D3-BF4B-00C04F79EFBC}") = "CloudPlus.Authentication.Api", "CloudPlus.Authentication.Api\CloudPlus.Authentication.Api.csproj", "{7ACBC7BB-23FE-476A-BD3B-9AC40D732599}"
EndProject
Project("{FAE04EC0-301F-11D3-BF4B-00C04F79EFBC}") = "CloudPlus.Authentication.Identity", "CloudPlus.Authentication.Identity\CloudPlus.Authentication.Identity.csproj", "{966B696E-307B-4B3F-A65B-6944A19F76C4}"
EndProject
Project("{FAE04EC0-301F-11D3-BF4B-00C04F79EFBC}") = "CloudPlus.Authentication.Mvc", "CloudPlus.Authentication.Mvc\CloudPlus.Authentication.Mvc.csproj", "{83062B4E-6392-4487-8BA1-91B4C58F8BD0}"
EndProject
Project("{FAE04EC0-301F-11D3-BF4B-00C04F79EFBC}") = "CloudPlus.Database", "CloudPlus.Database\CloudPlus.Database.csproj", "{85D2531D-2035-4D08-9F82-FC9423997F7A}"
EndProject
Project("{FAE04EC0-301F-11D3-BF4B-00C04F79EFBC}") = "CloudPlus.Entities", "CloudPlus.Entities\CloudPlus.Entities.csproj", "{8627B833-2EC6-40F4-BB67-268057D3C843}"
EndProject
Project("{FAE04EC0-301F-11D3-BF4B-00C04F79EFBC}") = "CloudPlus.Infrastructure.Cache", "CloudPlus.Infrastructure.Cache\CloudPlus.Infrastructure.Cache.csproj", "{D156C218-A9DB-4EA0-8C8E-23B73CBEC862}"
EndProject
Project("{FAE04EC0-301F-11D3-BF4B-00C04F79EFBC}") = "CloudPlus.Infrastructure.Email", "CloudPlus.Infrastructure.Email\CloudPlus.Infrastructure.Email.csproj", "{B53E2EB5-E677-4EDD-9A76-47B991026257}"
EndProject
Project("{FAE04EC0-301F-11D3-BF4B-00C04F79EFBC}") = "CloudPlus.Infrastructure.Http", "CloudPlus.Infrastructure.Http\CloudPlus.Infrastructure.Http.csproj", "{D93EA3A5-9C4E-4BF6-94A1-62F134273596}"
EndProject
Project("{FAE04EC0-301F-11D3-BF4B-00C04F79EFBC}") = "CloudPlus.Infrastructure.ServiceBus", "CloudPlus.Infrastructure.ServiceBus\CloudPlus.Infrastructure.ServiceBus.csproj", "{C37348EC-9EFE-4250-905F-090BC153F623}"
EndProject
Project("{FAE04EC0-301F-11D3-BF4B-00C04F79EFBC}") = "CloudPlus.Logging", "CloudPlus.Logging\CloudPlus.Logging.csproj", "{6EFCCC98-F658-4557-A7B2-78074B200FE3}"
EndProject
Project("{FAE04EC0-301F-11D3-BF4B-00C04F79EFBC}") = "CloudPlus.Models", "CloudPlus.Models\CloudPlus.Models.csproj", "{44B6ADC2-BAD0-4A6B-8056-3D417BFCCA6C}"
EndProject
Project("{FAE04EC0-301F-11D3-BF4B-00C04F79EFBC}") = "CloudPlus.QueueModels", "CloudPlus.QueueModels\CloudPlus.QueueModels.csproj", "{2BF5C571-867E-412F-9E9D-44111638BEB0}"
EndProject
Project("{FAE04EC0-301F-11D3-BF4B-00C04F79EFBC}") = "CloudPlus.Resources", "CloudPlus.Resources\CloudPlus.Resources.csproj", "{B9D3C519-E8CE-4A49-93A7-12F11BE28F58}"
EndProject
Project("{FAE04EC0-301F-11D3-BF4B-00C04F79EFBC}") = "CloudPlus.AppServices.User", "CloudPlus.Services.UserService\CloudPlus.AppServices.User.csproj", "{578E7776-650C-4190-BEA0-217F416A737B}"
EndProject
Project("{FAE04EC0-301F-11D3-BF4B-00C04F79EFBC}") = "CloudPlus.Settings", "CloudPlus.Settings\CloudPlus.Settings.csproj", "{C3F58C75-C371-44FF-A56E-85FCA4D2B6F5}"
EndProject
Project("{FAE04EC0-301F-11D3-BF4B-00C04F79EFBC}") = "CloudPlus.Api.ActiveDirectory", "CloudPlus.API.ActiveDirectory\CloudPlus.Api.ActiveDirectory.csproj", "{6C728F4C-B281-4608-86B2-7FFBC9C50C8E}"
EndProject
Project("{FAE04EC0-301F-11D3-BF4B-00C04F79EFBC}") = "CloudPlus.PowerShell", "CloudPlus.PowerShellManager\CloudPlus.PowerShell.csproj", "{F48A3C8A-5D11-4F6A-9B41-5533B5D0FC45}"
EndProject
Project("{2150E333-8FDC-42A3-9474-1A3956D46DE8}") = "Tests", "Tests", "{E1D5BB7D-1949-4BB2-92DB-3C0B74614B96}"
EndProject
Project("{2150E333-8FDC-42A3-9474-1A3956D46DE8}") = "Authentication", "Authentication", "{D40563B9-EF97-476E-A688-4D578B8D8420}"
EndProject
Project("{2150E333-8FDC-42A3-9474-1A3956D46DE8}") = "Infrastructure", "Infrastructure", "{F210B36F-D03A-4D4D-80F3-C8F2D0103623}"
EndProject
Project("{2150E333-8FDC-42A3-9474-1A3956D46DE8}") = "AppServices", "AppServices", "{BC92B7D7-33AE-441F-B307-36C6F81F72F7}"
EndProject
Project("{2150E333-8FDC-42A3-9474-1A3956D46DE8}") = "WebServices", "WebServices", "{D1511464-82F5-4344-BD96-43A805D9BE6B}"
EndProject
Project("{2150E333-8FDC-42A3-9474-1A3956D46DE8}") = "Common", "Common", "{EF333A5E-7C55-47EF-9370-6423F55EA4F9}"
EndProject
Project("{2150E333-8FDC-42A3-9474-1A3956D46DE8}") = "Database", "Database", "{03A784B9-3B72-404E-84A1-EC6440CFD436}"
EndProject
Project("{2150E333-8FDC-42A3-9474-1A3956D46DE8}") = "Models", "Models", "{324371E1-1771-4B76-BDAC-42625B806D44}"
EndProject
Project("{FAE04EC0-301F-11D3-BF4B-00C04F79EFBC}") = "CloudPlus.Extensions", "CloudPlus.Extensions\CloudPlus.Extensions.csproj", "{08CB184A-0484-4DA3-B567-790645A46AB9}"
EndProject
Project("{2150E333-8FDC-42A3-9474-1A3956D46DE8}") = "Services", "Services", "{DC2A43F9-A8D9-436A-BC22-CF82B1672711}"
EndProject
Project("{FAE04EC0-301F-11D3-BF4B-00C04F79EFBC}") = "CloudPlus.Services.Identity", "CloudPlus.Services.Identity\CloudPlus.Services.Identity.csproj", "{F9566E90-C4CD-4065-AE18-17CF862DD02C}"
EndProject
Project("{FAE04EC0-301F-11D3-BF4B-00C04F79EFBC}") = "CloudPlus.Services.Database", "CloudPlus.Services.Database\CloudPlus.Services.Database.csproj", "{B4AEFE88-A2DB-4DFC-BC85-C5A40B5A59B0}"
EndProject
Project("{FAE04EC0-301F-11D3-BF4B-00C04F79EFBC}") = "CloudPlus.Services.ActiveDirectory", "CloudPlus.Services.ActiveDirectory\CloudPlus.Services.ActiveDirectory.csproj", "{2BB62AF1-53E4-4CD8-B34E-A56BBD8B03B2}"
EndProject
Project("{2150E333-8FDC-42A3-9474-1A3956D46DE8}") = "Domain", "Domain", "{91709FA1-BE76-4D4B-AE1F-A952B42CB2D7}"
EndProject
Project("{FAE04EC0-301F-11D3-BF4B-00C04F79EFBC}") = "CloudPlus.Entities.Identity", "CloudPlus.Entities.Identity\CloudPlus.Entities.Identity.csproj", "{3609B7E1-1AF6-4497-8CD3-4C33169FB755}"
EndProject
Project("{FAE04EC0-301F-11D3-BF4B-00C04F79EFBC}") = "CloudPlus.Database.Authentication", "CloudPlus.Database.Authentication\CloudPlus.Database.Authentication.csproj", "{0CD32452-C545-49B4-9C57-A0945F7AD923}"
EndProject
Project("{FAE04EC0-301F-11D3-BF4B-00C04F79EFBC}") = "CloudPlus.Test.Helpers", "CloudPlus.Test.Helpers\CloudPlus.Test.Helpers.csproj", "{617AC2D9-191E-4444-AC4B-D57616E5A073}"
EndProject
Project("{2150E333-8FDC-42A3-9474-1A3956D46DE8}") = "Unit", "Unit", "{BEF972E9-49C5-4238-9081-684908B3E3E0}"
EndProject
Project("{FAE04EC0-301F-11D3-BF4B-00C04F79EFBC}") = "CloudPlus.AppServices.Company", "CloudPlus.AppServices.Company\CloudPlus.AppServices.Company.csproj", "{1F497ABE-1062-4064-8C22-B1854F5B4238}"
EndProject
Project("{FAE04EC0-301F-11D3-BF4B-00C04F79EFBC}") = "CloudPlus.Database.Common", "CloudPlus.Database.Common\CloudPlus.Database.Common.csproj", "{F21CF2B6-0F84-4CF5-80FD-29D7621C34B0}"
EndProject
Project("{FAE04EC0-301F-11D3-BF4B-00C04F79EFBC}") = "CloudPlus.DynamicProxy.Interceptors", "CloudPlus.DynamicProxy.Interceptors\CloudPlus.DynamicProxy.Interceptors.csproj", "{4D877AD0-CD09-4D3F-9F20-3D3F7E1A928F}"
EndProject
Project("{FAE04EC0-301F-11D3-BF4B-00C04F79EFBC}") = "CloudPlus.Enums", "CloudPlus.Enums\CloudPlus.Enums.csproj", "{194F3BA1-550A-4011-B630-F4DF7103B3AB}"
EndProject
Project("{2150E333-8FDC-42A3-9474-1A3956D46DE8}") = "Workflows", "Workflows", "{0CE4A2E3-1B05-4D06-90F0-2FF4D3C1BE31}"
EndProject
Project("{FAE04EC0-301F-11D3-BF4B-00C04F79EFBC}") = "CloudPlus.Workflows.User", "CloudPlus.Workflows.User\CloudPlus.Workflows.User.csproj", "{143FF40D-A440-4667-80CB-76257A408E06}"
EndProject
Project("{FAE04EC0-301F-11D3-BF4B-00C04F79EFBC}") = "CloudPlus.Workflows.Company", "CloudPlus.Workflows.Company\CloudPlus.Workflows.Company.csproj", "{335150B5-2C30-42C3-AB0D-533AA96A8017}"
EndProject
Project("{FAE04EC0-301F-11D3-BF4B-00C04F79EFBC}") = "CloudPlus.Workflows.Common", "CloudPlus.Workflows.Common\CloudPlus.Workflows.Common.csproj", "{7267831D-009B-419F-909F-205898A8653E}"
EndProject
Project("{FAE04EC0-301F-11D3-BF4B-00C04F79EFBC}") = "CloudPlus.AppServices.Notification", "CloudPlus.AppServices.Notification\CloudPlus.AppServices.Notification.csproj", "{5A558120-B40B-47FA-AA15-6B8450FFD890}"
EndProject
Project("{FAE04EC0-301F-11D3-BF4B-00C04F79EFBC}") = "CloudPlus.AppServices.Office365", "CloudPlus.AppServices.Office365\CloudPlus.AppServices.Office365.csproj", "{52EBE485-0DA4-446A-8B23-63CC9DE32383}"
EndProject
Project("{FAE04EC0-301F-11D3-BF4B-00C04F79EFBC}") = "CloudPlus.Services.Office365", "CloudPlus.Services.Office365\CloudPlus.Services.Office365.csproj", "{49AD1234-0CC9-4870-BE8C-CD14E3CE9DDA}"
EndProject
Project("{FAE04EC0-301F-11D3-BF4B-00C04F79EFBC}") = "CloudPlus.Api.Office365", "CloudPlus.Api.Office365\CloudPlus.Api.Office365.csproj", "{AD8902EB-83A1-437C-91C4-27D9BE2266FF}"
EndProject
Project("{FAE04EC0-301F-11D3-BF4B-00C04F79EFBC}") = "CloudPlus.Constants", "CloudPlus.Constants\CloudPlus.Constants.csproj", "{8FCBB4C6-81D6-4076-99A4-81EF751B71BB}"
EndProject
Project("{FAE04EC0-301F-11D3-BF4B-00C04F79EFBC}") = "CloudPlus.Workflows.Office365", "CloudPlus.Workflows.Office365\CloudPlus.Workflows.Office365.csproj", "{33EC6157-C696-4093-8A3C-07B59ACF533E}"
EndProject
Project("{FAE04EC0-301F-11D3-BF4B-00C04F79EFBC}") = "CloudPlus.Exceptions", "CloudPlus.Exceptions\CloudPlus.Exceptions.csproj", "{9BABEF3B-070B-4E66-9C3F-633A22DBB559}"
EndProject
Project("{FAE04EC0-301F-11D3-BF4B-00C04F79EFBC}") = "CloudPlus.Services.Database.Tests", "CloudPlus.Services.Database.Tests\CloudPlus.Services.Database.Tests.csproj", "{1DA905B1-EE6A-46CD-A52F-337F290E0724}"
EndProject
Global
	GlobalSection(SolutionConfigurationPlatforms) = preSolution
		Debug|Any CPU = Debug|Any CPU
		Debug|x64 = Debug|x64
		Release|Any CPU = Release|Any CPU
		Release|x64 = Release|x64
	EndGlobalSection
	GlobalSection(ProjectConfigurationPlatforms) = postSolution
		{636DDF45-1E81-41C8-9B74-9EF4D1426CC9}.Debug|Any CPU.ActiveCfg = Debug|Any CPU
		{636DDF45-1E81-41C8-9B74-9EF4D1426CC9}.Debug|Any CPU.Build.0 = Debug|Any CPU
		{636DDF45-1E81-41C8-9B74-9EF4D1426CC9}.Debug|x64.ActiveCfg = Debug|Any CPU
		{636DDF45-1E81-41C8-9B74-9EF4D1426CC9}.Debug|x64.Build.0 = Debug|Any CPU
		{636DDF45-1E81-41C8-9B74-9EF4D1426CC9}.Release|Any CPU.ActiveCfg = Release|Any CPU
		{636DDF45-1E81-41C8-9B74-9EF4D1426CC9}.Release|Any CPU.Build.0 = Release|Any CPU
		{636DDF45-1E81-41C8-9B74-9EF4D1426CC9}.Release|x64.ActiveCfg = Release|Any CPU
		{636DDF45-1E81-41C8-9B74-9EF4D1426CC9}.Release|x64.Build.0 = Release|Any CPU
		{7ACBC7BB-23FE-476A-BD3B-9AC40D732599}.Debug|Any CPU.ActiveCfg = Debug|Any CPU
		{7ACBC7BB-23FE-476A-BD3B-9AC40D732599}.Debug|Any CPU.Build.0 = Debug|Any CPU
		{7ACBC7BB-23FE-476A-BD3B-9AC40D732599}.Debug|x64.ActiveCfg = Debug|Any CPU
		{7ACBC7BB-23FE-476A-BD3B-9AC40D732599}.Debug|x64.Build.0 = Debug|Any CPU
		{7ACBC7BB-23FE-476A-BD3B-9AC40D732599}.Release|Any CPU.ActiveCfg = Release|Any CPU
		{7ACBC7BB-23FE-476A-BD3B-9AC40D732599}.Release|Any CPU.Build.0 = Release|Any CPU
		{7ACBC7BB-23FE-476A-BD3B-9AC40D732599}.Release|x64.ActiveCfg = Release|Any CPU
		{7ACBC7BB-23FE-476A-BD3B-9AC40D732599}.Release|x64.Build.0 = Release|Any CPU
		{966B696E-307B-4B3F-A65B-6944A19F76C4}.Debug|Any CPU.ActiveCfg = Debug|Any CPU
		{966B696E-307B-4B3F-A65B-6944A19F76C4}.Debug|Any CPU.Build.0 = Debug|Any CPU
		{966B696E-307B-4B3F-A65B-6944A19F76C4}.Debug|x64.ActiveCfg = Debug|Any CPU
		{966B696E-307B-4B3F-A65B-6944A19F76C4}.Debug|x64.Build.0 = Debug|Any CPU
		{966B696E-307B-4B3F-A65B-6944A19F76C4}.Release|Any CPU.ActiveCfg = Release|Any CPU
		{966B696E-307B-4B3F-A65B-6944A19F76C4}.Release|Any CPU.Build.0 = Release|Any CPU
		{966B696E-307B-4B3F-A65B-6944A19F76C4}.Release|x64.ActiveCfg = Release|Any CPU
		{966B696E-307B-4B3F-A65B-6944A19F76C4}.Release|x64.Build.0 = Release|Any CPU
		{83062B4E-6392-4487-8BA1-91B4C58F8BD0}.Debug|Any CPU.ActiveCfg = Debug|Any CPU
		{83062B4E-6392-4487-8BA1-91B4C58F8BD0}.Debug|Any CPU.Build.0 = Debug|Any CPU
		{83062B4E-6392-4487-8BA1-91B4C58F8BD0}.Debug|x64.ActiveCfg = Debug|Any CPU
		{83062B4E-6392-4487-8BA1-91B4C58F8BD0}.Debug|x64.Build.0 = Debug|Any CPU
		{83062B4E-6392-4487-8BA1-91B4C58F8BD0}.Release|Any CPU.ActiveCfg = Release|Any CPU
		{83062B4E-6392-4487-8BA1-91B4C58F8BD0}.Release|Any CPU.Build.0 = Release|Any CPU
		{83062B4E-6392-4487-8BA1-91B4C58F8BD0}.Release|x64.ActiveCfg = Release|Any CPU
		{83062B4E-6392-4487-8BA1-91B4C58F8BD0}.Release|x64.Build.0 = Release|Any CPU
		{85D2531D-2035-4D08-9F82-FC9423997F7A}.Debug|Any CPU.ActiveCfg = Debug|Any CPU
		{85D2531D-2035-4D08-9F82-FC9423997F7A}.Debug|Any CPU.Build.0 = Debug|Any CPU
		{85D2531D-2035-4D08-9F82-FC9423997F7A}.Debug|x64.ActiveCfg = Debug|Any CPU
		{85D2531D-2035-4D08-9F82-FC9423997F7A}.Debug|x64.Build.0 = Debug|Any CPU
		{85D2531D-2035-4D08-9F82-FC9423997F7A}.Release|Any CPU.ActiveCfg = Release|Any CPU
		{85D2531D-2035-4D08-9F82-FC9423997F7A}.Release|Any CPU.Build.0 = Release|Any CPU
		{85D2531D-2035-4D08-9F82-FC9423997F7A}.Release|x64.ActiveCfg = Release|Any CPU
		{85D2531D-2035-4D08-9F82-FC9423997F7A}.Release|x64.Build.0 = Release|Any CPU
		{8627B833-2EC6-40F4-BB67-268057D3C843}.Debug|Any CPU.ActiveCfg = Debug|Any CPU
		{8627B833-2EC6-40F4-BB67-268057D3C843}.Debug|Any CPU.Build.0 = Debug|Any CPU
		{8627B833-2EC6-40F4-BB67-268057D3C843}.Debug|x64.ActiveCfg = Debug|Any CPU
		{8627B833-2EC6-40F4-BB67-268057D3C843}.Debug|x64.Build.0 = Debug|Any CPU
		{8627B833-2EC6-40F4-BB67-268057D3C843}.Release|Any CPU.ActiveCfg = Release|Any CPU
		{8627B833-2EC6-40F4-BB67-268057D3C843}.Release|Any CPU.Build.0 = Release|Any CPU
		{8627B833-2EC6-40F4-BB67-268057D3C843}.Release|x64.ActiveCfg = Release|Any CPU
		{8627B833-2EC6-40F4-BB67-268057D3C843}.Release|x64.Build.0 = Release|Any CPU
		{D156C218-A9DB-4EA0-8C8E-23B73CBEC862}.Debug|Any CPU.ActiveCfg = Debug|Any CPU
		{D156C218-A9DB-4EA0-8C8E-23B73CBEC862}.Debug|Any CPU.Build.0 = Debug|Any CPU
		{D156C218-A9DB-4EA0-8C8E-23B73CBEC862}.Debug|x64.ActiveCfg = Debug|Any CPU
		{D156C218-A9DB-4EA0-8C8E-23B73CBEC862}.Debug|x64.Build.0 = Debug|Any CPU
		{D156C218-A9DB-4EA0-8C8E-23B73CBEC862}.Release|Any CPU.ActiveCfg = Release|Any CPU
		{D156C218-A9DB-4EA0-8C8E-23B73CBEC862}.Release|Any CPU.Build.0 = Release|Any CPU
		{D156C218-A9DB-4EA0-8C8E-23B73CBEC862}.Release|x64.ActiveCfg = Release|Any CPU
		{D156C218-A9DB-4EA0-8C8E-23B73CBEC862}.Release|x64.Build.0 = Release|Any CPU
		{B53E2EB5-E677-4EDD-9A76-47B991026257}.Debug|Any CPU.ActiveCfg = Debug|Any CPU
		{B53E2EB5-E677-4EDD-9A76-47B991026257}.Debug|Any CPU.Build.0 = Debug|Any CPU
		{B53E2EB5-E677-4EDD-9A76-47B991026257}.Debug|x64.ActiveCfg = Debug|Any CPU
		{B53E2EB5-E677-4EDD-9A76-47B991026257}.Debug|x64.Build.0 = Debug|Any CPU
		{B53E2EB5-E677-4EDD-9A76-47B991026257}.Release|Any CPU.ActiveCfg = Release|Any CPU
		{B53E2EB5-E677-4EDD-9A76-47B991026257}.Release|Any CPU.Build.0 = Release|Any CPU
		{B53E2EB5-E677-4EDD-9A76-47B991026257}.Release|x64.ActiveCfg = Release|Any CPU
		{B53E2EB5-E677-4EDD-9A76-47B991026257}.Release|x64.Build.0 = Release|Any CPU
		{D93EA3A5-9C4E-4BF6-94A1-62F134273596}.Debug|Any CPU.ActiveCfg = Debug|Any CPU
		{D93EA3A5-9C4E-4BF6-94A1-62F134273596}.Debug|Any CPU.Build.0 = Debug|Any CPU
		{D93EA3A5-9C4E-4BF6-94A1-62F134273596}.Debug|x64.ActiveCfg = Debug|Any CPU
		{D93EA3A5-9C4E-4BF6-94A1-62F134273596}.Debug|x64.Build.0 = Debug|Any CPU
		{D93EA3A5-9C4E-4BF6-94A1-62F134273596}.Release|Any CPU.ActiveCfg = Release|Any CPU
		{D93EA3A5-9C4E-4BF6-94A1-62F134273596}.Release|Any CPU.Build.0 = Release|Any CPU
		{D93EA3A5-9C4E-4BF6-94A1-62F134273596}.Release|x64.ActiveCfg = Release|Any CPU
		{D93EA3A5-9C4E-4BF6-94A1-62F134273596}.Release|x64.Build.0 = Release|Any CPU
		{C37348EC-9EFE-4250-905F-090BC153F623}.Debug|Any CPU.ActiveCfg = Debug|Any CPU
		{C37348EC-9EFE-4250-905F-090BC153F623}.Debug|Any CPU.Build.0 = Debug|Any CPU
		{C37348EC-9EFE-4250-905F-090BC153F623}.Debug|x64.ActiveCfg = Debug|Any CPU
		{C37348EC-9EFE-4250-905F-090BC153F623}.Debug|x64.Build.0 = Debug|Any CPU
		{C37348EC-9EFE-4250-905F-090BC153F623}.Release|Any CPU.ActiveCfg = Release|Any CPU
		{C37348EC-9EFE-4250-905F-090BC153F623}.Release|Any CPU.Build.0 = Release|Any CPU
		{C37348EC-9EFE-4250-905F-090BC153F623}.Release|x64.ActiveCfg = Release|Any CPU
		{C37348EC-9EFE-4250-905F-090BC153F623}.Release|x64.Build.0 = Release|Any CPU
		{6EFCCC98-F658-4557-A7B2-78074B200FE3}.Debug|Any CPU.ActiveCfg = Debug|Any CPU
		{6EFCCC98-F658-4557-A7B2-78074B200FE3}.Debug|Any CPU.Build.0 = Debug|Any CPU
		{6EFCCC98-F658-4557-A7B2-78074B200FE3}.Debug|x64.ActiveCfg = Debug|Any CPU
		{6EFCCC98-F658-4557-A7B2-78074B200FE3}.Debug|x64.Build.0 = Debug|Any CPU
		{6EFCCC98-F658-4557-A7B2-78074B200FE3}.Release|Any CPU.ActiveCfg = Release|Any CPU
		{6EFCCC98-F658-4557-A7B2-78074B200FE3}.Release|Any CPU.Build.0 = Release|Any CPU
		{6EFCCC98-F658-4557-A7B2-78074B200FE3}.Release|x64.ActiveCfg = Release|Any CPU
		{6EFCCC98-F658-4557-A7B2-78074B200FE3}.Release|x64.Build.0 = Release|Any CPU
		{44B6ADC2-BAD0-4A6B-8056-3D417BFCCA6C}.Debug|Any CPU.ActiveCfg = Debug|Any CPU
		{44B6ADC2-BAD0-4A6B-8056-3D417BFCCA6C}.Debug|Any CPU.Build.0 = Debug|Any CPU
		{44B6ADC2-BAD0-4A6B-8056-3D417BFCCA6C}.Debug|x64.ActiveCfg = Debug|Any CPU
		{44B6ADC2-BAD0-4A6B-8056-3D417BFCCA6C}.Debug|x64.Build.0 = Debug|Any CPU
		{44B6ADC2-BAD0-4A6B-8056-3D417BFCCA6C}.Release|Any CPU.ActiveCfg = Release|Any CPU
		{44B6ADC2-BAD0-4A6B-8056-3D417BFCCA6C}.Release|Any CPU.Build.0 = Release|Any CPU
		{44B6ADC2-BAD0-4A6B-8056-3D417BFCCA6C}.Release|x64.ActiveCfg = Release|Any CPU
		{44B6ADC2-BAD0-4A6B-8056-3D417BFCCA6C}.Release|x64.Build.0 = Release|Any CPU
		{2BF5C571-867E-412F-9E9D-44111638BEB0}.Debug|Any CPU.ActiveCfg = Debug|Any CPU
		{2BF5C571-867E-412F-9E9D-44111638BEB0}.Debug|Any CPU.Build.0 = Debug|Any CPU
		{2BF5C571-867E-412F-9E9D-44111638BEB0}.Debug|x64.ActiveCfg = Debug|Any CPU
		{2BF5C571-867E-412F-9E9D-44111638BEB0}.Debug|x64.Build.0 = Debug|Any CPU
		{2BF5C571-867E-412F-9E9D-44111638BEB0}.Release|Any CPU.ActiveCfg = Release|Any CPU
		{2BF5C571-867E-412F-9E9D-44111638BEB0}.Release|Any CPU.Build.0 = Release|Any CPU
		{2BF5C571-867E-412F-9E9D-44111638BEB0}.Release|x64.ActiveCfg = Release|Any CPU
		{2BF5C571-867E-412F-9E9D-44111638BEB0}.Release|x64.Build.0 = Release|Any CPU
		{B9D3C519-E8CE-4A49-93A7-12F11BE28F58}.Debug|Any CPU.ActiveCfg = Debug|Any CPU
		{B9D3C519-E8CE-4A49-93A7-12F11BE28F58}.Debug|Any CPU.Build.0 = Debug|Any CPU
		{B9D3C519-E8CE-4A49-93A7-12F11BE28F58}.Debug|x64.ActiveCfg = Debug|Any CPU
		{B9D3C519-E8CE-4A49-93A7-12F11BE28F58}.Debug|x64.Build.0 = Debug|Any CPU
		{B9D3C519-E8CE-4A49-93A7-12F11BE28F58}.Release|Any CPU.ActiveCfg = Release|Any CPU
		{B9D3C519-E8CE-4A49-93A7-12F11BE28F58}.Release|Any CPU.Build.0 = Release|Any CPU
		{B9D3C519-E8CE-4A49-93A7-12F11BE28F58}.Release|x64.ActiveCfg = Release|Any CPU
		{B9D3C519-E8CE-4A49-93A7-12F11BE28F58}.Release|x64.Build.0 = Release|Any CPU
		{578E7776-650C-4190-BEA0-217F416A737B}.Debug|Any CPU.ActiveCfg = Debug|Any CPU
		{578E7776-650C-4190-BEA0-217F416A737B}.Debug|Any CPU.Build.0 = Debug|Any CPU
		{578E7776-650C-4190-BEA0-217F416A737B}.Debug|x64.ActiveCfg = Debug|Any CPU
		{578E7776-650C-4190-BEA0-217F416A737B}.Debug|x64.Build.0 = Debug|Any CPU
		{578E7776-650C-4190-BEA0-217F416A737B}.Release|Any CPU.ActiveCfg = Release|Any CPU
		{578E7776-650C-4190-BEA0-217F416A737B}.Release|Any CPU.Build.0 = Release|Any CPU
		{578E7776-650C-4190-BEA0-217F416A737B}.Release|x64.ActiveCfg = Release|Any CPU
		{578E7776-650C-4190-BEA0-217F416A737B}.Release|x64.Build.0 = Release|Any CPU
		{C3F58C75-C371-44FF-A56E-85FCA4D2B6F5}.Debug|Any CPU.ActiveCfg = Debug|Any CPU
		{C3F58C75-C371-44FF-A56E-85FCA4D2B6F5}.Debug|Any CPU.Build.0 = Debug|Any CPU
		{C3F58C75-C371-44FF-A56E-85FCA4D2B6F5}.Debug|x64.ActiveCfg = Debug|Any CPU
		{C3F58C75-C371-44FF-A56E-85FCA4D2B6F5}.Debug|x64.Build.0 = Debug|Any CPU
		{C3F58C75-C371-44FF-A56E-85FCA4D2B6F5}.Release|Any CPU.ActiveCfg = Release|Any CPU
		{C3F58C75-C371-44FF-A56E-85FCA4D2B6F5}.Release|Any CPU.Build.0 = Release|Any CPU
		{C3F58C75-C371-44FF-A56E-85FCA4D2B6F5}.Release|x64.ActiveCfg = Release|Any CPU
		{C3F58C75-C371-44FF-A56E-85FCA4D2B6F5}.Release|x64.Build.0 = Release|Any CPU
		{6C728F4C-B281-4608-86B2-7FFBC9C50C8E}.Debug|Any CPU.ActiveCfg = Debug|Any CPU
		{6C728F4C-B281-4608-86B2-7FFBC9C50C8E}.Debug|Any CPU.Build.0 = Debug|Any CPU
		{6C728F4C-B281-4608-86B2-7FFBC9C50C8E}.Debug|x64.ActiveCfg = Debug|Any CPU
		{6C728F4C-B281-4608-86B2-7FFBC9C50C8E}.Debug|x64.Build.0 = Debug|Any CPU
		{6C728F4C-B281-4608-86B2-7FFBC9C50C8E}.Release|Any CPU.ActiveCfg = Release|Any CPU
		{6C728F4C-B281-4608-86B2-7FFBC9C50C8E}.Release|Any CPU.Build.0 = Release|Any CPU
		{6C728F4C-B281-4608-86B2-7FFBC9C50C8E}.Release|x64.ActiveCfg = Release|Any CPU
		{6C728F4C-B281-4608-86B2-7FFBC9C50C8E}.Release|x64.Build.0 = Release|Any CPU
		{F48A3C8A-5D11-4F6A-9B41-5533B5D0FC45}.Debug|Any CPU.ActiveCfg = Debug|Any CPU
		{F48A3C8A-5D11-4F6A-9B41-5533B5D0FC45}.Debug|Any CPU.Build.0 = Debug|Any CPU
		{F48A3C8A-5D11-4F6A-9B41-5533B5D0FC45}.Debug|x64.ActiveCfg = Debug|x64
		{F48A3C8A-5D11-4F6A-9B41-5533B5D0FC45}.Debug|x64.Build.0 = Debug|x64
		{F48A3C8A-5D11-4F6A-9B41-5533B5D0FC45}.Release|Any CPU.ActiveCfg = Release|Any CPU
		{F48A3C8A-5D11-4F6A-9B41-5533B5D0FC45}.Release|Any CPU.Build.0 = Release|Any CPU
		{F48A3C8A-5D11-4F6A-9B41-5533B5D0FC45}.Release|x64.ActiveCfg = Release|x64
		{F48A3C8A-5D11-4F6A-9B41-5533B5D0FC45}.Release|x64.Build.0 = Release|x64
		{08CB184A-0484-4DA3-B567-790645A46AB9}.Debug|Any CPU.ActiveCfg = Debug|Any CPU
		{08CB184A-0484-4DA3-B567-790645A46AB9}.Debug|Any CPU.Build.0 = Debug|Any CPU
		{08CB184A-0484-4DA3-B567-790645A46AB9}.Debug|x64.ActiveCfg = Debug|Any CPU
		{08CB184A-0484-4DA3-B567-790645A46AB9}.Debug|x64.Build.0 = Debug|Any CPU
		{08CB184A-0484-4DA3-B567-790645A46AB9}.Release|Any CPU.ActiveCfg = Release|Any CPU
		{08CB184A-0484-4DA3-B567-790645A46AB9}.Release|Any CPU.Build.0 = Release|Any CPU
		{08CB184A-0484-4DA3-B567-790645A46AB9}.Release|x64.ActiveCfg = Release|Any CPU
		{08CB184A-0484-4DA3-B567-790645A46AB9}.Release|x64.Build.0 = Release|Any CPU
		{F9566E90-C4CD-4065-AE18-17CF862DD02C}.Debug|Any CPU.ActiveCfg = Debug|Any CPU
		{F9566E90-C4CD-4065-AE18-17CF862DD02C}.Debug|Any CPU.Build.0 = Debug|Any CPU
		{F9566E90-C4CD-4065-AE18-17CF862DD02C}.Debug|x64.ActiveCfg = Debug|Any CPU
		{F9566E90-C4CD-4065-AE18-17CF862DD02C}.Debug|x64.Build.0 = Debug|Any CPU
		{F9566E90-C4CD-4065-AE18-17CF862DD02C}.Release|Any CPU.ActiveCfg = Release|Any CPU
		{F9566E90-C4CD-4065-AE18-17CF862DD02C}.Release|Any CPU.Build.0 = Release|Any CPU
		{F9566E90-C4CD-4065-AE18-17CF862DD02C}.Release|x64.ActiveCfg = Release|Any CPU
		{F9566E90-C4CD-4065-AE18-17CF862DD02C}.Release|x64.Build.0 = Release|Any CPU
		{B4AEFE88-A2DB-4DFC-BC85-C5A40B5A59B0}.Debug|Any CPU.ActiveCfg = Debug|Any CPU
		{B4AEFE88-A2DB-4DFC-BC85-C5A40B5A59B0}.Debug|Any CPU.Build.0 = Debug|Any CPU
		{B4AEFE88-A2DB-4DFC-BC85-C5A40B5A59B0}.Debug|x64.ActiveCfg = Debug|Any CPU
		{B4AEFE88-A2DB-4DFC-BC85-C5A40B5A59B0}.Debug|x64.Build.0 = Debug|Any CPU
		{B4AEFE88-A2DB-4DFC-BC85-C5A40B5A59B0}.Release|Any CPU.ActiveCfg = Release|Any CPU
		{B4AEFE88-A2DB-4DFC-BC85-C5A40B5A59B0}.Release|Any CPU.Build.0 = Release|Any CPU
		{B4AEFE88-A2DB-4DFC-BC85-C5A40B5A59B0}.Release|x64.ActiveCfg = Release|Any CPU
		{B4AEFE88-A2DB-4DFC-BC85-C5A40B5A59B0}.Release|x64.Build.0 = Release|Any CPU
		{2BB62AF1-53E4-4CD8-B34E-A56BBD8B03B2}.Debug|Any CPU.ActiveCfg = Debug|Any CPU
		{2BB62AF1-53E4-4CD8-B34E-A56BBD8B03B2}.Debug|Any CPU.Build.0 = Debug|Any CPU
		{2BB62AF1-53E4-4CD8-B34E-A56BBD8B03B2}.Debug|x64.ActiveCfg = Debug|Any CPU
		{2BB62AF1-53E4-4CD8-B34E-A56BBD8B03B2}.Debug|x64.Build.0 = Debug|Any CPU
		{2BB62AF1-53E4-4CD8-B34E-A56BBD8B03B2}.Release|Any CPU.ActiveCfg = Release|Any CPU
		{2BB62AF1-53E4-4CD8-B34E-A56BBD8B03B2}.Release|Any CPU.Build.0 = Release|Any CPU
		{2BB62AF1-53E4-4CD8-B34E-A56BBD8B03B2}.Release|x64.ActiveCfg = Release|Any CPU
		{2BB62AF1-53E4-4CD8-B34E-A56BBD8B03B2}.Release|x64.Build.0 = Release|Any CPU
		{3609B7E1-1AF6-4497-8CD3-4C33169FB755}.Debug|Any CPU.ActiveCfg = Debug|Any CPU
		{3609B7E1-1AF6-4497-8CD3-4C33169FB755}.Debug|Any CPU.Build.0 = Debug|Any CPU
		{3609B7E1-1AF6-4497-8CD3-4C33169FB755}.Debug|x64.ActiveCfg = Debug|Any CPU
		{3609B7E1-1AF6-4497-8CD3-4C33169FB755}.Debug|x64.Build.0 = Debug|Any CPU
		{3609B7E1-1AF6-4497-8CD3-4C33169FB755}.Release|Any CPU.ActiveCfg = Release|Any CPU
		{3609B7E1-1AF6-4497-8CD3-4C33169FB755}.Release|Any CPU.Build.0 = Release|Any CPU
		{3609B7E1-1AF6-4497-8CD3-4C33169FB755}.Release|x64.ActiveCfg = Release|Any CPU
		{3609B7E1-1AF6-4497-8CD3-4C33169FB755}.Release|x64.Build.0 = Release|Any CPU
		{0CD32452-C545-49B4-9C57-A0945F7AD923}.Debug|Any CPU.ActiveCfg = Debug|Any CPU
		{0CD32452-C545-49B4-9C57-A0945F7AD923}.Debug|Any CPU.Build.0 = Debug|Any CPU
		{0CD32452-C545-49B4-9C57-A0945F7AD923}.Debug|x64.ActiveCfg = Debug|Any CPU
		{0CD32452-C545-49B4-9C57-A0945F7AD923}.Debug|x64.Build.0 = Debug|Any CPU
		{0CD32452-C545-49B4-9C57-A0945F7AD923}.Release|Any CPU.ActiveCfg = Release|Any CPU
		{0CD32452-C545-49B4-9C57-A0945F7AD923}.Release|Any CPU.Build.0 = Release|Any CPU
		{0CD32452-C545-49B4-9C57-A0945F7AD923}.Release|x64.ActiveCfg = Release|Any CPU
		{0CD32452-C545-49B4-9C57-A0945F7AD923}.Release|x64.Build.0 = Release|Any CPU
		{617AC2D9-191E-4444-AC4B-D57616E5A073}.Debug|Any CPU.ActiveCfg = Debug|Any CPU
		{617AC2D9-191E-4444-AC4B-D57616E5A073}.Debug|Any CPU.Build.0 = Debug|Any CPU
		{617AC2D9-191E-4444-AC4B-D57616E5A073}.Debug|x64.ActiveCfg = Debug|Any CPU
		{617AC2D9-191E-4444-AC4B-D57616E5A073}.Debug|x64.Build.0 = Debug|Any CPU
		{617AC2D9-191E-4444-AC4B-D57616E5A073}.Release|Any CPU.ActiveCfg = Release|Any CPU
		{617AC2D9-191E-4444-AC4B-D57616E5A073}.Release|Any CPU.Build.0 = Release|Any CPU
		{617AC2D9-191E-4444-AC4B-D57616E5A073}.Release|x64.ActiveCfg = Release|Any CPU
		{617AC2D9-191E-4444-AC4B-D57616E5A073}.Release|x64.Build.0 = Release|Any CPU
		{1F497ABE-1062-4064-8C22-B1854F5B4238}.Debug|Any CPU.ActiveCfg = Debug|Any CPU
		{1F497ABE-1062-4064-8C22-B1854F5B4238}.Debug|Any CPU.Build.0 = Debug|Any CPU
		{1F497ABE-1062-4064-8C22-B1854F5B4238}.Debug|x64.ActiveCfg = Debug|Any CPU
		{1F497ABE-1062-4064-8C22-B1854F5B4238}.Debug|x64.Build.0 = Debug|Any CPU
		{1F497ABE-1062-4064-8C22-B1854F5B4238}.Release|Any CPU.ActiveCfg = Release|Any CPU
		{1F497ABE-1062-4064-8C22-B1854F5B4238}.Release|Any CPU.Build.0 = Release|Any CPU
		{1F497ABE-1062-4064-8C22-B1854F5B4238}.Release|x64.ActiveCfg = Release|Any CPU
		{1F497ABE-1062-4064-8C22-B1854F5B4238}.Release|x64.Build.0 = Release|Any CPU
		{F21CF2B6-0F84-4CF5-80FD-29D7621C34B0}.Debug|Any CPU.ActiveCfg = Debug|Any CPU
		{F21CF2B6-0F84-4CF5-80FD-29D7621C34B0}.Debug|Any CPU.Build.0 = Debug|Any CPU
		{F21CF2B6-0F84-4CF5-80FD-29D7621C34B0}.Debug|x64.ActiveCfg = Debug|Any CPU
		{F21CF2B6-0F84-4CF5-80FD-29D7621C34B0}.Debug|x64.Build.0 = Debug|Any CPU
		{F21CF2B6-0F84-4CF5-80FD-29D7621C34B0}.Release|Any CPU.ActiveCfg = Release|Any CPU
		{F21CF2B6-0F84-4CF5-80FD-29D7621C34B0}.Release|Any CPU.Build.0 = Release|Any CPU
		{F21CF2B6-0F84-4CF5-80FD-29D7621C34B0}.Release|x64.ActiveCfg = Release|Any CPU
		{F21CF2B6-0F84-4CF5-80FD-29D7621C34B0}.Release|x64.Build.0 = Release|Any CPU
		{4D877AD0-CD09-4D3F-9F20-3D3F7E1A928F}.Debug|Any CPU.ActiveCfg = Debug|Any CPU
		{4D877AD0-CD09-4D3F-9F20-3D3F7E1A928F}.Debug|Any CPU.Build.0 = Debug|Any CPU
		{4D877AD0-CD09-4D3F-9F20-3D3F7E1A928F}.Debug|x64.ActiveCfg = Debug|Any CPU
		{4D877AD0-CD09-4D3F-9F20-3D3F7E1A928F}.Debug|x64.Build.0 = Debug|Any CPU
		{4D877AD0-CD09-4D3F-9F20-3D3F7E1A928F}.Release|Any CPU.ActiveCfg = Release|Any CPU
		{4D877AD0-CD09-4D3F-9F20-3D3F7E1A928F}.Release|Any CPU.Build.0 = Release|Any CPU
		{4D877AD0-CD09-4D3F-9F20-3D3F7E1A928F}.Release|x64.ActiveCfg = Release|Any CPU
		{4D877AD0-CD09-4D3F-9F20-3D3F7E1A928F}.Release|x64.Build.0 = Release|Any CPU
		{194F3BA1-550A-4011-B630-F4DF7103B3AB}.Debug|Any CPU.ActiveCfg = Debug|Any CPU
		{194F3BA1-550A-4011-B630-F4DF7103B3AB}.Debug|Any CPU.Build.0 = Debug|Any CPU
		{194F3BA1-550A-4011-B630-F4DF7103B3AB}.Debug|x64.ActiveCfg = Debug|Any CPU
		{194F3BA1-550A-4011-B630-F4DF7103B3AB}.Debug|x64.Build.0 = Debug|Any CPU
		{194F3BA1-550A-4011-B630-F4DF7103B3AB}.Release|Any CPU.ActiveCfg = Release|Any CPU
		{194F3BA1-550A-4011-B630-F4DF7103B3AB}.Release|Any CPU.Build.0 = Release|Any CPU
		{194F3BA1-550A-4011-B630-F4DF7103B3AB}.Release|x64.ActiveCfg = Release|Any CPU
		{194F3BA1-550A-4011-B630-F4DF7103B3AB}.Release|x64.Build.0 = Release|Any CPU
		{143FF40D-A440-4667-80CB-76257A408E06}.Debug|Any CPU.ActiveCfg = Debug|Any CPU
		{143FF40D-A440-4667-80CB-76257A408E06}.Debug|Any CPU.Build.0 = Debug|Any CPU
		{143FF40D-A440-4667-80CB-76257A408E06}.Debug|x64.ActiveCfg = Debug|Any CPU
		{143FF40D-A440-4667-80CB-76257A408E06}.Debug|x64.Build.0 = Debug|Any CPU
		{143FF40D-A440-4667-80CB-76257A408E06}.Release|Any CPU.ActiveCfg = Release|Any CPU
		{143FF40D-A440-4667-80CB-76257A408E06}.Release|Any CPU.Build.0 = Release|Any CPU
		{143FF40D-A440-4667-80CB-76257A408E06}.Release|x64.ActiveCfg = Release|Any CPU
		{143FF40D-A440-4667-80CB-76257A408E06}.Release|x64.Build.0 = Release|Any CPU
		{335150B5-2C30-42C3-AB0D-533AA96A8017}.Debug|Any CPU.ActiveCfg = Debug|Any CPU
		{335150B5-2C30-42C3-AB0D-533AA96A8017}.Debug|Any CPU.Build.0 = Debug|Any CPU
		{335150B5-2C30-42C3-AB0D-533AA96A8017}.Debug|x64.ActiveCfg = Debug|Any CPU
		{335150B5-2C30-42C3-AB0D-533AA96A8017}.Debug|x64.Build.0 = Debug|Any CPU
		{335150B5-2C30-42C3-AB0D-533AA96A8017}.Release|Any CPU.ActiveCfg = Release|Any CPU
		{335150B5-2C30-42C3-AB0D-533AA96A8017}.Release|Any CPU.Build.0 = Release|Any CPU
		{335150B5-2C30-42C3-AB0D-533AA96A8017}.Release|x64.ActiveCfg = Release|Any CPU
		{335150B5-2C30-42C3-AB0D-533AA96A8017}.Release|x64.Build.0 = Release|Any CPU
		{7267831D-009B-419F-909F-205898A8653E}.Debug|Any CPU.ActiveCfg = Debug|Any CPU
		{7267831D-009B-419F-909F-205898A8653E}.Debug|Any CPU.Build.0 = Debug|Any CPU
		{7267831D-009B-419F-909F-205898A8653E}.Debug|x64.ActiveCfg = Debug|Any CPU
		{7267831D-009B-419F-909F-205898A8653E}.Debug|x64.Build.0 = Debug|Any CPU
		{7267831D-009B-419F-909F-205898A8653E}.Release|Any CPU.ActiveCfg = Release|Any CPU
		{7267831D-009B-419F-909F-205898A8653E}.Release|Any CPU.Build.0 = Release|Any CPU
		{7267831D-009B-419F-909F-205898A8653E}.Release|x64.ActiveCfg = Release|Any CPU
		{7267831D-009B-419F-909F-205898A8653E}.Release|x64.Build.0 = Release|Any CPU
		{5A558120-B40B-47FA-AA15-6B8450FFD890}.Debug|Any CPU.ActiveCfg = Debug|Any CPU
		{5A558120-B40B-47FA-AA15-6B8450FFD890}.Debug|Any CPU.Build.0 = Debug|Any CPU
		{5A558120-B40B-47FA-AA15-6B8450FFD890}.Debug|x64.ActiveCfg = Debug|Any CPU
		{5A558120-B40B-47FA-AA15-6B8450FFD890}.Debug|x64.Build.0 = Debug|Any CPU
		{5A558120-B40B-47FA-AA15-6B8450FFD890}.Release|Any CPU.ActiveCfg = Release|Any CPU
		{5A558120-B40B-47FA-AA15-6B8450FFD890}.Release|Any CPU.Build.0 = Release|Any CPU
		{5A558120-B40B-47FA-AA15-6B8450FFD890}.Release|x64.ActiveCfg = Release|Any CPU
		{5A558120-B40B-47FA-AA15-6B8450FFD890}.Release|x64.Build.0 = Release|Any CPU
		{52EBE485-0DA4-446A-8B23-63CC9DE32383}.Debug|Any CPU.ActiveCfg = Debug|Any CPU
		{52EBE485-0DA4-446A-8B23-63CC9DE32383}.Debug|Any CPU.Build.0 = Debug|Any CPU
		{52EBE485-0DA4-446A-8B23-63CC9DE32383}.Debug|x64.ActiveCfg = Debug|Any CPU
		{52EBE485-0DA4-446A-8B23-63CC9DE32383}.Debug|x64.Build.0 = Debug|Any CPU
		{52EBE485-0DA4-446A-8B23-63CC9DE32383}.Release|Any CPU.ActiveCfg = Release|Any CPU
		{52EBE485-0DA4-446A-8B23-63CC9DE32383}.Release|Any CPU.Build.0 = Release|Any CPU
		{52EBE485-0DA4-446A-8B23-63CC9DE32383}.Release|x64.ActiveCfg = Release|Any CPU
		{52EBE485-0DA4-446A-8B23-63CC9DE32383}.Release|x64.Build.0 = Release|Any CPU
		{49AD1234-0CC9-4870-BE8C-CD14E3CE9DDA}.Debug|Any CPU.ActiveCfg = Debug|Any CPU
		{49AD1234-0CC9-4870-BE8C-CD14E3CE9DDA}.Debug|Any CPU.Build.0 = Debug|Any CPU
		{49AD1234-0CC9-4870-BE8C-CD14E3CE9DDA}.Debug|x64.ActiveCfg = Debug|Any CPU
		{49AD1234-0CC9-4870-BE8C-CD14E3CE9DDA}.Debug|x64.Build.0 = Debug|Any CPU
		{49AD1234-0CC9-4870-BE8C-CD14E3CE9DDA}.Release|Any CPU.ActiveCfg = Release|Any CPU
		{49AD1234-0CC9-4870-BE8C-CD14E3CE9DDA}.Release|Any CPU.Build.0 = Release|Any CPU
		{49AD1234-0CC9-4870-BE8C-CD14E3CE9DDA}.Release|x64.ActiveCfg = Release|Any CPU
		{49AD1234-0CC9-4870-BE8C-CD14E3CE9DDA}.Release|x64.Build.0 = Release|Any CPU
		{AD8902EB-83A1-437C-91C4-27D9BE2266FF}.Debug|Any CPU.ActiveCfg = Debug|Any CPU
		{AD8902EB-83A1-437C-91C4-27D9BE2266FF}.Debug|Any CPU.Build.0 = Debug|Any CPU
		{AD8902EB-83A1-437C-91C4-27D9BE2266FF}.Debug|x64.ActiveCfg = Debug|Any CPU
		{AD8902EB-83A1-437C-91C4-27D9BE2266FF}.Debug|x64.Build.0 = Debug|Any CPU
		{AD8902EB-83A1-437C-91C4-27D9BE2266FF}.Release|Any CPU.ActiveCfg = Release|Any CPU
		{AD8902EB-83A1-437C-91C4-27D9BE2266FF}.Release|Any CPU.Build.0 = Release|Any CPU
		{AD8902EB-83A1-437C-91C4-27D9BE2266FF}.Release|x64.ActiveCfg = Release|Any CPU
		{AD8902EB-83A1-437C-91C4-27D9BE2266FF}.Release|x64.Build.0 = Release|Any CPU
		{8FCBB4C6-81D6-4076-99A4-81EF751B71BB}.Debug|Any CPU.ActiveCfg = Debug|Any CPU
		{8FCBB4C6-81D6-4076-99A4-81EF751B71BB}.Debug|Any CPU.Build.0 = Debug|Any CPU
		{8FCBB4C6-81D6-4076-99A4-81EF751B71BB}.Debug|x64.ActiveCfg = Debug|Any CPU
		{8FCBB4C6-81D6-4076-99A4-81EF751B71BB}.Debug|x64.Build.0 = Debug|Any CPU
		{8FCBB4C6-81D6-4076-99A4-81EF751B71BB}.Release|Any CPU.ActiveCfg = Release|Any CPU
		{8FCBB4C6-81D6-4076-99A4-81EF751B71BB}.Release|Any CPU.Build.0 = Release|Any CPU
		{8FCBB4C6-81D6-4076-99A4-81EF751B71BB}.Release|x64.ActiveCfg = Release|Any CPU
		{8FCBB4C6-81D6-4076-99A4-81EF751B71BB}.Release|x64.Build.0 = Release|Any CPU
		{33EC6157-C696-4093-8A3C-07B59ACF533E}.Debug|Any CPU.ActiveCfg = Debug|Any CPU
		{33EC6157-C696-4093-8A3C-07B59ACF533E}.Debug|Any CPU.Build.0 = Debug|Any CPU
		{33EC6157-C696-4093-8A3C-07B59ACF533E}.Debug|x64.ActiveCfg = Debug|Any CPU
		{33EC6157-C696-4093-8A3C-07B59ACF533E}.Debug|x64.Build.0 = Debug|Any CPU
		{33EC6157-C696-4093-8A3C-07B59ACF533E}.Release|Any CPU.ActiveCfg = Release|Any CPU
		{33EC6157-C696-4093-8A3C-07B59ACF533E}.Release|Any CPU.Build.0 = Release|Any CPU
		{33EC6157-C696-4093-8A3C-07B59ACF533E}.Release|x64.ActiveCfg = Release|Any CPU
		{33EC6157-C696-4093-8A3C-07B59ACF533E}.Release|x64.Build.0 = Release|Any CPU
		{9BABEF3B-070B-4E66-9C3F-633A22DBB559}.Debug|Any CPU.ActiveCfg = Debug|Any CPU
		{9BABEF3B-070B-4E66-9C3F-633A22DBB559}.Debug|Any CPU.Build.0 = Debug|Any CPU
		{9BABEF3B-070B-4E66-9C3F-633A22DBB559}.Debug|x64.ActiveCfg = Debug|Any CPU
		{9BABEF3B-070B-4E66-9C3F-633A22DBB559}.Debug|x64.Build.0 = Debug|Any CPU
		{9BABEF3B-070B-4E66-9C3F-633A22DBB559}.Release|Any CPU.ActiveCfg = Release|Any CPU
		{9BABEF3B-070B-4E66-9C3F-633A22DBB559}.Release|Any CPU.Build.0 = Release|Any CPU
		{9BABEF3B-070B-4E66-9C3F-633A22DBB559}.Release|x64.ActiveCfg = Release|Any CPU
		{9BABEF3B-070B-4E66-9C3F-633A22DBB559}.Release|x64.Build.0 = Release|Any CPU
		{1DA905B1-EE6A-46CD-A52F-337F290E0724}.Debug|Any CPU.ActiveCfg = Debug|Any CPU
		{1DA905B1-EE6A-46CD-A52F-337F290E0724}.Debug|Any CPU.Build.0 = Debug|Any CPU
		{1DA905B1-EE6A-46CD-A52F-337F290E0724}.Debug|x64.ActiveCfg = Debug|Any CPU
		{1DA905B1-EE6A-46CD-A52F-337F290E0724}.Debug|x64.Build.0 = Debug|Any CPU
		{1DA905B1-EE6A-46CD-A52F-337F290E0724}.Release|Any CPU.ActiveCfg = Release|Any CPU
		{1DA905B1-EE6A-46CD-A52F-337F290E0724}.Release|Any CPU.Build.0 = Release|Any CPU
		{1DA905B1-EE6A-46CD-A52F-337F290E0724}.Release|x64.ActiveCfg = Release|Any CPU
		{1DA905B1-EE6A-46CD-A52F-337F290E0724}.Release|x64.Build.0 = Release|Any CPU
	EndGlobalSection
	GlobalSection(SolutionProperties) = preSolution
		HideSolutionNode = FALSE
	EndGlobalSection
	GlobalSection(NestedProjects) = preSolution
		{636DDF45-1E81-41C8-9B74-9EF4D1426CC9} = {D1511464-82F5-4344-BD96-43A805D9BE6B}
		{7ACBC7BB-23FE-476A-BD3B-9AC40D732599} = {D40563B9-EF97-476E-A688-4D578B8D8420}
		{966B696E-307B-4B3F-A65B-6944A19F76C4} = {D40563B9-EF97-476E-A688-4D578B8D8420}
		{83062B4E-6392-4487-8BA1-91B4C58F8BD0} = {D40563B9-EF97-476E-A688-4D578B8D8420}
		{85D2531D-2035-4D08-9F82-FC9423997F7A} = {03A784B9-3B72-404E-84A1-EC6440CFD436}
		{8627B833-2EC6-40F4-BB67-268057D3C843} = {91709FA1-BE76-4D4B-AE1F-A952B42CB2D7}
		{D156C218-A9DB-4EA0-8C8E-23B73CBEC862} = {F210B36F-D03A-4D4D-80F3-C8F2D0103623}
		{B53E2EB5-E677-4EDD-9A76-47B991026257} = {F210B36F-D03A-4D4D-80F3-C8F2D0103623}
		{D93EA3A5-9C4E-4BF6-94A1-62F134273596} = {F210B36F-D03A-4D4D-80F3-C8F2D0103623}
		{C37348EC-9EFE-4250-905F-090BC153F623} = {F210B36F-D03A-4D4D-80F3-C8F2D0103623}
		{6EFCCC98-F658-4557-A7B2-78074B200FE3} = {EF333A5E-7C55-47EF-9370-6423F55EA4F9}
		{44B6ADC2-BAD0-4A6B-8056-3D417BFCCA6C} = {324371E1-1771-4B76-BDAC-42625B806D44}
		{2BF5C571-867E-412F-9E9D-44111638BEB0} = {324371E1-1771-4B76-BDAC-42625B806D44}
		{B9D3C519-E8CE-4A49-93A7-12F11BE28F58} = {EF333A5E-7C55-47EF-9370-6423F55EA4F9}
		{578E7776-650C-4190-BEA0-217F416A737B} = {BC92B7D7-33AE-441F-B307-36C6F81F72F7}
		{C3F58C75-C371-44FF-A56E-85FCA4D2B6F5} = {EF333A5E-7C55-47EF-9370-6423F55EA4F9}
		{6C728F4C-B281-4608-86B2-7FFBC9C50C8E} = {D1511464-82F5-4344-BD96-43A805D9BE6B}
		{F48A3C8A-5D11-4F6A-9B41-5533B5D0FC45} = {EF333A5E-7C55-47EF-9370-6423F55EA4F9}
		{08CB184A-0484-4DA3-B567-790645A46AB9} = {EF333A5E-7C55-47EF-9370-6423F55EA4F9}
		{F9566E90-C4CD-4065-AE18-17CF862DD02C} = {DC2A43F9-A8D9-436A-BC22-CF82B1672711}
		{B4AEFE88-A2DB-4DFC-BC85-C5A40B5A59B0} = {DC2A43F9-A8D9-436A-BC22-CF82B1672711}
		{2BB62AF1-53E4-4CD8-B34E-A56BBD8B03B2} = {DC2A43F9-A8D9-436A-BC22-CF82B1672711}
		{3609B7E1-1AF6-4497-8CD3-4C33169FB755} = {91709FA1-BE76-4D4B-AE1F-A952B42CB2D7}
		{0CD32452-C545-49B4-9C57-A0945F7AD923} = {03A784B9-3B72-404E-84A1-EC6440CFD436}
		{617AC2D9-191E-4444-AC4B-D57616E5A073} = {E1D5BB7D-1949-4BB2-92DB-3C0B74614B96}
		{BEF972E9-49C5-4238-9081-684908B3E3E0} = {E1D5BB7D-1949-4BB2-92DB-3C0B74614B96}
		{1F497ABE-1062-4064-8C22-B1854F5B4238} = {BC92B7D7-33AE-441F-B307-36C6F81F72F7}
		{F21CF2B6-0F84-4CF5-80FD-29D7621C34B0} = {03A784B9-3B72-404E-84A1-EC6440CFD436}
		{4D877AD0-CD09-4D3F-9F20-3D3F7E1A928F} = {F210B36F-D03A-4D4D-80F3-C8F2D0103623}
		{194F3BA1-550A-4011-B630-F4DF7103B3AB} = {EF333A5E-7C55-47EF-9370-6423F55EA4F9}
		{143FF40D-A440-4667-80CB-76257A408E06} = {0CE4A2E3-1B05-4D06-90F0-2FF4D3C1BE31}
		{335150B5-2C30-42C3-AB0D-533AA96A8017} = {0CE4A2E3-1B05-4D06-90F0-2FF4D3C1BE31}
		{7267831D-009B-419F-909F-205898A8653E} = {0CE4A2E3-1B05-4D06-90F0-2FF4D3C1BE31}
		{5A558120-B40B-47FA-AA15-6B8450FFD890} = {BC92B7D7-33AE-441F-B307-36C6F81F72F7}
		{52EBE485-0DA4-446A-8B23-63CC9DE32383} = {BC92B7D7-33AE-441F-B307-36C6F81F72F7}
		{49AD1234-0CC9-4870-BE8C-CD14E3CE9DDA} = {DC2A43F9-A8D9-436A-BC22-CF82B1672711}
		{AD8902EB-83A1-437C-91C4-27D9BE2266FF} = {D1511464-82F5-4344-BD96-43A805D9BE6B}
		{8FCBB4C6-81D6-4076-99A4-81EF751B71BB} = {EF333A5E-7C55-47EF-9370-6423F55EA4F9}
		{33EC6157-C696-4093-8A3C-07B59ACF533E} = {0CE4A2E3-1B05-4D06-90F0-2FF4D3C1BE31}
		{9BABEF3B-070B-4E66-9C3F-633A22DBB559} = {EF333A5E-7C55-47EF-9370-6423F55EA4F9}
		{1DA905B1-EE6A-46CD-A52F-337F290E0724} = {BEF972E9-49C5-4238-9081-684908B3E3E0}
	EndGlobalSection
	GlobalSection(ExtensibilityGlobals) = postSolution
		SolutionGuid = {EE1EB047-E639-4069-9E54-E61B5465CCDF}
	EndGlobalSection
EndGlobal
